
Microsoft Visual Studio Solution File, Format Version 12.00
# Visual Studio 2012
Project("{FAE04EC0-301F-11D3-BF4B-00C04F79EFBC}") = "Caeno.Net.Http", "Caeno.Net.Http.csproj", "{789DA4E1-D18F-4070-98F6-D10E45E93F0A}"
EndProject
Global
	GlobalSection(SolutionConfigurationPlatforms) = preSolution
		Debug|Any CPU = Debug|Any CPU
		Release|Any CPU = Release|Any CPU
	EndGlobalSection
	GlobalSection(ProjectConfigurationPlatforms) = postSolution
		{789DA4E1-D18F-4070-98F6-D10E45E93F0A}.Debug|Any CPU.ActiveCfg = Debug|Any CPU
		{789DA4E1-D18F-4070-98F6-D10E45E93F0A}.Debug|Any CPU.Build.0 = Debug|Any CPU
		{789DA4E1-D18F-4070-98F6-D10E45E93F0A}.Release|Any CPU.ActiveCfg = Release|Any CPU
		{789DA4E1-D18F-4070-98F6-D10E45E93F0A}.Release|Any CPU.Build.0 = Release|Any CPU
	EndGlobalSection
EndGlobal
